
Microsoft Visual Studio Solution File, Format Version 12.00
# Visual Studio Version 17
VisualStudioVersion = 17.0.31903.59
MinimumVisualStudioVersion = 10.0.40219.1
Project("{FAE04EC0-301F-11D3-BF4B-00C04F79EFBC}") = "DuelLedger.Contracts", "Contracts\DuelLedger.Contracts.csproj", "{35B6F255-0F9E-457B-881A-6D074F63AF83}"
EndProject
Project("{FAE04EC0-301F-11D3-BF4B-00C04F79EFBC}") = "DuelLedger.Core", "Core\DuelLedger.Core.csproj", "{411FBB8B-79A9-4003-B3E0-4D7BA9B775AB}"
EndProject
Project("{FAE04EC0-301F-11D3-BF4B-00C04F79EFBC}") = "DuelLedger.Vision", "Vision\DuelLedger.Vision.csproj", "{10A89D2F-640E-40E1-A2C8-895E4CEF2285}"
EndProject
Project("{FAE04EC0-301F-11D3-BF4B-00C04F79EFBC}") = "DuelLedger.Detectors", "Detectors\DuelLedger.Detectors.csproj", "{E66A9C57-5704-4889-BD80-5DDACD02B966}"
EndProject
Project("{FAE04EC0-301F-11D3-BF4B-00C04F79EFBC}") = "DuelLedger.Publishers", "Publishers\DuelLedger.Publishers.csproj", "{698B26A2-8564-4CDA-BB87-060A6534CF30}"
EndProject
Project("{FAE04EC0-301F-11D3-BF4B-00C04F79EFBC}") = "DuelLedger.UI", "UI\DuelLedger.UI.csproj", "{306F5D95-1772-4F00-96A8-0E9F084FF7B6}"
EndProject
Project("{FAE04EC0-301F-11D3-BF4B-00C04F79EFBC}") = "DuelLedger.Tests", "Tests\DuelLedger.Tests.csproj", "{55417697-C341-48E2-8EDB-752A11DAC52E}"
EndProject
Project("{FAE04EC0-301F-11D3-BF4B-00C04F79EFBC}") = "DuelLedger.Vision.Windows", "Vision.Windows\DuelLedger.Vision.Windows.csproj", "{487C35FD-4F2A-413E-A990-EA4C036DAA23}"
EndProject
Project("{FAE04EC0-301F-11D3-BF4B-00C04F79EFBC}") = "DuelLedger.Runner", "Runner\DuelLedger.Runner.csproj", "{D31CC7D6-B8B7-49DB-8D41-3F033DF68833}"
EndProject
Project("{FAE04EC0-301F-11D3-BF4B-00C04F79EFBC}") = "DuelLedger.Net", "Net\DuelLedger.Net.csproj", "{A262CA54-7AA9-45EA-8995-9753C9DB9EB7}"
EndProject
Project("{FAE04EC0-301F-11D3-BF4B-00C04F79EFBC}") = "IconTrainer", "Tools\IconTrainer\IconTrainer.csproj", "{6494A748-1CCF-4625-B37C-9CE81C71FDB8}"
EndProject
Global
	GlobalSection(SolutionConfigurationPlatforms) = preSolution
		Debug|Any CPU = Debug|Any CPU
		Release|Any CPU = Release|Any CPU
	EndGlobalSection
	GlobalSection(SolutionProperties) = preSolution
		HideSolutionNode = FALSE
	EndGlobalSection
	GlobalSection(ProjectConfigurationPlatforms) = postSolution
		{35B6F255-0F9E-457B-881A-6D074F63AF83}.Debug|Any CPU.ActiveCfg = Debug|Any CPU
		{35B6F255-0F9E-457B-881A-6D074F63AF83}.Debug|Any CPU.Build.0 = Debug|Any CPU
		{35B6F255-0F9E-457B-881A-6D074F63AF83}.Release|Any CPU.ActiveCfg = Release|Any CPU
		{35B6F255-0F9E-457B-881A-6D074F63AF83}.Release|Any CPU.Build.0 = Release|Any CPU
		{411FBB8B-79A9-4003-B3E0-4D7BA9B775AB}.Debug|Any CPU.ActiveCfg = Debug|Any CPU
		{411FBB8B-79A9-4003-B3E0-4D7BA9B775AB}.Debug|Any CPU.Build.0 = Debug|Any CPU
		{411FBB8B-79A9-4003-B3E0-4D7BA9B775AB}.Release|Any CPU.ActiveCfg = Release|Any CPU
		{411FBB8B-79A9-4003-B3E0-4D7BA9B775AB}.Release|Any CPU.Build.0 = Release|Any CPU
		{10A89D2F-640E-40E1-A2C8-895E4CEF2285}.Debug|Any CPU.ActiveCfg = Debug|Any CPU
		{10A89D2F-640E-40E1-A2C8-895E4CEF2285}.Debug|Any CPU.Build.0 = Debug|Any CPU
		{10A89D2F-640E-40E1-A2C8-895E4CEF2285}.Release|Any CPU.ActiveCfg = Release|Any CPU
		{10A89D2F-640E-40E1-A2C8-895E4CEF2285}.Release|Any CPU.Build.0 = Release|Any CPU
		{E66A9C57-5704-4889-BD80-5DDACD02B966}.Debug|Any CPU.ActiveCfg = Debug|Any CPU
		{E66A9C57-5704-4889-BD80-5DDACD02B966}.Debug|Any CPU.Build.0 = Debug|Any CPU
		{E66A9C57-5704-4889-BD80-5DDACD02B966}.Release|Any CPU.ActiveCfg = Release|Any CPU
		{E66A9C57-5704-4889-BD80-5DDACD02B966}.Release|Any CPU.Build.0 = Release|Any CPU
		{698B26A2-8564-4CDA-BB87-060A6534CF30}.Debug|Any CPU.ActiveCfg = Debug|Any CPU
		{698B26A2-8564-4CDA-BB87-060A6534CF30}.Debug|Any CPU.Build.0 = Debug|Any CPU
		{698B26A2-8564-4CDA-BB87-060A6534CF30}.Release|Any CPU.ActiveCfg = Release|Any CPU
		{698B26A2-8564-4CDA-BB87-060A6534CF30}.Release|Any CPU.Build.0 = Release|Any CPU
		{306F5D95-1772-4F00-96A8-0E9F084FF7B6}.Debug|Any CPU.ActiveCfg = Debug|Any CPU
		{306F5D95-1772-4F00-96A8-0E9F084FF7B6}.Debug|Any CPU.Build.0 = Debug|Any CPU
		{306F5D95-1772-4F00-96A8-0E9F084FF7B6}.Release|Any CPU.ActiveCfg = Release|Any CPU
		{306F5D95-1772-4F00-96A8-0E9F084FF7B6}.Release|Any CPU.Build.0 = Release|Any CPU
		{55417697-C341-48E2-8EDB-752A11DAC52E}.Debug|Any CPU.ActiveCfg = Debug|Any CPU
		{55417697-C341-48E2-8EDB-752A11DAC52E}.Debug|Any CPU.Build.0 = Debug|Any CPU
		{55417697-C341-48E2-8EDB-752A11DAC52E}.Release|Any CPU.ActiveCfg = Release|Any CPU
		{55417697-C341-48E2-8EDB-752A11DAC52E}.Release|Any CPU.Build.0 = Release|Any CPU
		{487C35FD-4F2A-413E-A990-EA4C036DAA23}.Debug|Any CPU.ActiveCfg = Debug|Any CPU
		{487C35FD-4F2A-413E-A990-EA4C036DAA23}.Debug|Any CPU.Build.0 = Debug|Any CPU
		{487C35FD-4F2A-413E-A990-EA4C036DAA23}.Release|Any CPU.ActiveCfg = Release|Any CPU
		{487C35FD-4F2A-413E-A990-EA4C036DAA23}.Release|Any CPU.Build.0 = Release|Any CPU
		{D31CC7D6-B8B7-49DB-8D41-3F033DF68833}.Debug|Any CPU.ActiveCfg = Debug|Any CPU
               {D31CC7D6-B8B7-49DB-8D41-3F033DF68833}.Debug|Any CPU.Build.0 = Debug|Any CPU
               {D31CC7D6-B8B7-49DB-8D41-3F033DF68833}.Release|Any CPU.ActiveCfg = Release|Any CPU
               {D31CC7D6-B8B7-49DB-8D41-3F033DF68833}.Release|Any CPU.Build.0 = Release|Any CPU
               {A262CA54-7AA9-45EA-8995-9753C9DB9EB7}.Debug|Any CPU.ActiveCfg = Debug|Any CPU
               {A262CA54-7AA9-45EA-8995-9753C9DB9EB7}.Debug|Any CPU.Build.0 = Debug|Any CPU
               {A262CA54-7AA9-45EA-8995-9753C9DB9EB7}.Release|Any CPU.ActiveCfg = Release|Any CPU
               {A262CA54-7AA9-45EA-8995-9753C9DB9EB7}.Release|Any CPU.Build.0 = Release|Any CPU
               {6494A748-1CCF-4625-B37C-9CE81C71FDB8}.Debug|Any CPU.ActiveCfg = Debug|Any CPU
               {6494A748-1CCF-4625-B37C-9CE81C71FDB8}.Debug|Any CPU.Build.0 = Debug|Any CPU
               {6494A748-1CCF-4625-B37C-9CE81C71FDB8}.Release|Any CPU.ActiveCfg = Release|Any CPU
               {6494A748-1CCF-4625-B37C-9CE81C71FDB8}.Release|Any CPU.Build.0 = Release|Any CPU
        EndGlobalSection
EndGlobal
